# This file is autogenerated, do not edit; changes may be undone by the next 'dep ensure'.


[[projects]]
  branch = "master"
  name = "github.com/bitrise-io/go-utils"
  packages = [
    "colorstring",
    "command",
    "errorutil",
    "fileutil",
    "log",
    "pathutil",
    "pkcs12",
    "pkcs12/internal/rc2"
  ]
  revision = "961320f9011cedf55e1da0578949bf63450a96c0"

[[projects]]
  branch = "master"
  name = "github.com/bitrise-tools/go-steputils"
  packages = ["input"]
  revision = "a848c9870ff7d745a8fb2a951e1c81fcb147b4ec"

[[projects]]
  branch = "master"
  name = "github.com/bitrise-tools/go-xcode"
  packages = [
    "certificateutil",
    "exportoptions",
    "plistutil",
    "profileutil"
  ]
  revision = "77d8b65b1a146fd3ab0ac610068cea17b57103eb"

[[projects]]
  name = "github.com/davecgh/go-spew"
  packages = ["spew"]
  revision = "346938d642f2ec3594ed81d874461961cd0faa76"
  version = "v1.1.0"

[[projects]]
  branch = "master"
  name = "github.com/fullsailor/pkcs7"
  packages = ["."]
  revision = "ae226422660e5ca10db350d33f81c6608f3fbcdd"

[[projects]]
  branch = "master"
  name = "github.com/hashicorp/go-version"
  packages = ["."]
  revision = "23480c0665776210b5fbbac6eaaee40e3e6a96b7"

[[projects]]
  branch = "master"
  name = "github.com/pkg/errors"
  packages = ["."]
  revision = "f15c970de5b76fac0b59abb32d62c17cc7bed265"

[[projects]]
  name = "github.com/pmezard/go-difflib"
  packages = ["difflib"]
  revision = "792786c7400a136282c1664665ae0a8db921c6c2"
  version = "v1.0.0"

[[projects]]
  branch = "master"
  name = "github.com/stretchr/testify"
  packages = [
    "assert",
    "require"
  ]
  revision = "2aa2c176b9dab406a6970f6a55f513e8a8c8b18f"

[[projects]]
  branch = "master"
  name = "howett.net/plist"
  packages = ["."]
  revision = "233df3c4f07b0c562da0e8a6fb850681ac49bb90"

[solve-meta]
  analyzer-name = "dep"
  analyzer-version = 1
  inputs-digest = "477c857aeb04ae7961e915fb661b78f0013fbfdfdacc9882b0ce79cc2a6c720a"
  solver-name = "gps-cdcl"
  solver-version = 1
